
Microsoft Visual Studio Solution File, Format Version 11.00
# Visual Studio 2010
Project("{FAE04EC0-301F-11D3-BF4B-00C04F79EFBC}") = "Duck-Hunt-Daydream-VR", "Assembly-CSharp.csproj", "{C2440A75-F701-E8B6-F26A-5185D9526EFC}"
EndProject
Project("{FAE04EC0-301F-11D3-BF4B-00C04F79EFBC}") = "Duck-Hunt-Daydream-VR", "Assembly-CSharp-Editor.csproj", "{051CD92C-3DBB-3C4A-B379-AD3219C09593}"
EndProject
Global
	GlobalSection(SolutionConfigurationPlatforms) = preSolution
		Debug|Any CPU = Debug|Any CPU
		Release|Any CPU = Release|Any CPU
	EndGlobalSection
	GlobalSection(ProjectConfigurationPlatforms) = postSolution
		{C2440A75-F701-E8B6-F26A-5185D9526EFC}.Debug|Any CPU.ActiveCfg = Debug|Any CPU
		{C2440A75-F701-E8B6-F26A-5185D9526EFC}.Debug|Any CPU.Build.0 = Debug|Any CPU
		{C2440A75-F701-E8B6-F26A-5185D9526EFC}.Release|Any CPU.ActiveCfg = Release|Any CPU
		{C2440A75-F701-E8B6-F26A-5185D9526EFC}.Release|Any CPU.Build.0 = Release|Any CPU
		{051CD92C-3DBB-3C4A-B379-AD3219C09593}.Debug|Any CPU.ActiveCfg = Debug|Any CPU
		{051CD92C-3DBB-3C4A-B379-AD3219C09593}.Debug|Any CPU.Build.0 = Debug|Any CPU
		{051CD92C-3DBB-3C4A-B379-AD3219C09593}.Release|Any CPU.ActiveCfg = Release|Any CPU
		{051CD92C-3DBB-3C4A-B379-AD3219C09593}.Release|Any CPU.Build.0 = Release|Any CPU
	EndGlobalSection
	GlobalSection(SolutionProperties) = preSolution
		HideSolutionNode = FALSE
	EndGlobalSection
	GlobalSection(MonoDevelopProperties) = preSolution
		StartupItem = Assembly-CSharp.csproj
	EndGlobalSection
EndGlobal
