
Microsoft Visual Studio Solution File, Format Version 12.00
# Visual Studio 15
Project("{FAE04EC0-301F-11D3-BF4B-00C04F79EFBC}") = "Duck-Hunt-Daydream-VR", "Duck-Hunt-Daydream-VR.csproj", "{141AFA18-F5D5-B2A3-46DA-88E8E84CC691}"
EndProject
Project("{FAE04EC0-301F-11D3-BF4B-00C04F79EFBC}") = "Duck-Hunt-Daydream-VR.Editor", "Duck-Hunt-Daydream-VR.Editor.csproj", "{F46232E4-5E6E-BA5F-670B-E7605C3C1EF6}"
EndProject
Global
	GlobalSection(SolutionConfigurationPlatforms) = preSolution
		Debug|Any CPU = Debug|Any CPU
		Release|Any CPU = Release|Any CPU
	EndGlobalSection
	GlobalSection(ProjectConfigurationPlatforms) = postSolution
		{141AFA18-F5D5-B2A3-46DA-88E8E84CC691}.Debug|Any CPU.ActiveCfg = Debug|Any CPU
		{141AFA18-F5D5-B2A3-46DA-88E8E84CC691}.Debug|Any CPU.Build.0 = Debug|Any CPU
		{141AFA18-F5D5-B2A3-46DA-88E8E84CC691}.Release|Any CPU.ActiveCfg = Release|Any CPU
		{141AFA18-F5D5-B2A3-46DA-88E8E84CC691}.Release|Any CPU.Build.0 = Release|Any CPU
		{F46232E4-5E6E-BA5F-670B-E7605C3C1EF6}.Debug|Any CPU.ActiveCfg = Debug|Any CPU
		{F46232E4-5E6E-BA5F-670B-E7605C3C1EF6}.Debug|Any CPU.Build.0 = Debug|Any CPU
		{F46232E4-5E6E-BA5F-670B-E7605C3C1EF6}.Release|Any CPU.ActiveCfg = Release|Any CPU
		{F46232E4-5E6E-BA5F-670B-E7605C3C1EF6}.Release|Any CPU.Build.0 = Release|Any CPU
	EndGlobalSection
	GlobalSection(SolutionProperties) = preSolution
		HideSolutionNode = FALSE
	EndGlobalSection
EndGlobal
